{
    "version": 3,
    "terraform_version": "0.10.8",
    "serial": 5,
    "lineage": "07509e9a-80de-4fd6-887b-29f22c9d11c5",
    "modules": [
        {
            "path": [
                "root"
            ],
            "outputs": {},
            "resources": {
                "docker_container.elk_elasticsearch": {
                    "type": "docker_container",
                    "depends_on": [
                        "docker_image.elk_elasticsearch"
                    ],
                    "primary": {
                        "id": "c4d934b133bcde997244c1deae6ea89f957a95ee812f2e3c2ef9c66386b44835",
                        "attributes": {
                            "attach": "false",
                            "bridge": "",
                            "env.#": "1",
                            "env.1364628241": "discovery.type=single-node",
                            "gateway": "172.18.0.1",
                            "id": "c4d934b133bcde997244c1deae6ea89f957a95ee812f2e3c2ef9c66386b44835",
                            "image": "elasticsearch:7.1.1",
                            "ip_address": "172.18.0.2",
                            "ip_prefix_length": "16",
                            "log_driver": "json-file",
                            "logs": "false",
                            "must_run": "true",
                            "name": "elk_elasticsearch",
                            "network_data.#": "1",
                            "network_data.0.gateway": "172.18.0.1",
                            "network_data.0.ip_address": "172.18.0.2",
                            "network_data.0.ip_prefix_length": "16",
                            "network_data.0.network_name": "elk-network",
                            "networks_advanced.#": "1",
                            "networks_advanced.1055499856.aliases.#": "0",
                            "networks_advanced.1055499856.ipv4_address": "",
                            "networks_advanced.1055499856.ipv6_address": "",
                            "networks_advanced.1055499856.name": "elk-network",
                            "ports.#": "0",
                            "restart": "no",
                            "rm": "false",
                            "start": "true"
                        },
                        "meta": {
                            "schema_version": "1"
                        },
                        "tainted": false
                    },
                    "deposed": [],
                    "provider": ""
                },
                "docker_image.elk_elasticsearch": {
                    "type": "docker_image",
                    "depends_on": [],
                    "primary": {
                        "id": "sha256:b0e9f9f047e6b49bdf540f84a9cd9004886bd17bb5bedd27692f1b4d1ec41355elasticsearch:7.1.1",
                        "attributes": {
                            "id": "sha256:b0e9f9f047e6b49bdf540f84a9cd9004886bd17bb5bedd27692f1b4d1ec41355elasticsearch:7.1.1",
                            "latest": "sha256:b0e9f9f047e6b49bdf540f84a9cd9004886bd17bb5bedd27692f1b4d1ec41355",
                            "name": "elasticsearch:7.1.1"
                        },
                        "meta": {},
                        "tainted": false
                    },
                    "deposed": [],
                    "provider": ""
                },
                "docker_network.private_network": {
                    "type": "docker_network",
                    "depends_on": [],
                    "primary": {
                        "id": "966e79480e09a8bdbf1c5e7b040da02d1ea863276175159ad604f5e0c8603dc9",
                        "attributes": {
                            "attachable": "false",
                            "driver": "bridge",
                            "id": "966e79480e09a8bdbf1c5e7b040da02d1ea863276175159ad604f5e0c8603dc9",
                            "ingress": "false",
                            "internal": "false",
                            "ipv6": "false",
                            "name": "elk-network",
                            "options.%": "0",
                            "scope": "local"
                        },
                        "meta": {},
                        "tainted": false
                    },
                    "deposed": [],
                    "provider": ""
                }
            },
            "depends_on": []
        }
    ]
}
